
Microsoft Visual Studio Solution File, Format Version 12.00
# Visual Studio Version 16
VisualStudioVersion = 16.0.31702.278
MinimumVisualStudioVersion = 10.0.40219.1
Project("{FAE04EC0-301F-11D3-BF4B-00C04F79EFBC}") = "ClassesObjetos", "ClassesObjetos\ClassesObjetos.csproj", "{B27B28B2-1BAD-4647-8BEE-1C7B6183D913}"
EndProject
Global
	GlobalSection(SolutionConfigurationPlatforms) = preSolution
		Debug|Any CPU = Debug|Any CPU
		Release|Any CPU = Release|Any CPU
	EndGlobalSection
	GlobalSection(ProjectConfigurationPlatforms) = postSolution
		{B27B28B2-1BAD-4647-8BEE-1C7B6183D913}.Debug|Any CPU.ActiveCfg = Debug|Any CPU
		{B27B28B2-1BAD-4647-8BEE-1C7B6183D913}.Debug|Any CPU.Build.0 = Debug|Any CPU
		{B27B28B2-1BAD-4647-8BEE-1C7B6183D913}.Release|Any CPU.ActiveCfg = Release|Any CPU
		{B27B28B2-1BAD-4647-8BEE-1C7B6183D913}.Release|Any CPU.Build.0 = Release|Any CPU
	EndGlobalSection
	GlobalSection(SolutionProperties) = preSolution
		HideSolutionNode = FALSE
	EndGlobalSection
	GlobalSection(ExtensibilityGlobals) = postSolution
		SolutionGuid = {FED45D44-0E22-49AF-BD19-87F69783986A}
	EndGlobalSection
EndGlobal
