
Microsoft Visual Studio Solution File, Format Version 12.00
# Visual Studio Version 16
VisualStudioVersion = 16.0.31702.278
MinimumVisualStudioVersion = 10.0.40219.1
Project("{FAE04EC0-301F-11D3-BF4B-00C04F79EFBC}") = "ExemplificarConteudo", "ExemplificarConteudo\ExemplificarConteudo.csproj", "{D0A202C9-51F5-4D19-BC2F-2180FB73C1A2}"
EndProject
Global
	GlobalSection(SolutionConfigurationPlatforms) = preSolution
		Debug|Any CPU = Debug|Any CPU
		Release|Any CPU = Release|Any CPU
	EndGlobalSection
	GlobalSection(ProjectConfigurationPlatforms) = postSolution
		{D0A202C9-51F5-4D19-BC2F-2180FB73C1A2}.Debug|Any CPU.ActiveCfg = Debug|Any CPU
		{D0A202C9-51F5-4D19-BC2F-2180FB73C1A2}.Debug|Any CPU.Build.0 = Debug|Any CPU
		{D0A202C9-51F5-4D19-BC2F-2180FB73C1A2}.Release|Any CPU.ActiveCfg = Release|Any CPU
		{D0A202C9-51F5-4D19-BC2F-2180FB73C1A2}.Release|Any CPU.Build.0 = Release|Any CPU
	EndGlobalSection
	GlobalSection(SolutionProperties) = preSolution
		HideSolutionNode = FALSE
	EndGlobalSection
	GlobalSection(ExtensibilityGlobals) = postSolution
		SolutionGuid = {E1D23160-59C3-4599-9CD0-D5D820AD4B14}
	EndGlobalSection
EndGlobal
